
Microsoft Visual Studio Solution File, Format Version 12.00
# Visual Studio 15
VisualStudioVersion = 15.0.28307.168
MinimumVisualStudioVersion = 10.0.40219.1
Project("{FAE04EC0-301F-11D3-BF4B-00C04F79EFBC}") = "Santral", "Santral\Santral.csproj", "{F90B6B08-0938-4A3C-B034-FEA3E4CAB111}"
EndProject
Project("{2150E333-8FDC-42A3-9474-1A3956D46DE8}") = "Class", "Class", "{68B60316-761F-4A0B-800D-46E8EB7E3789}"
	ProjectSection(SolutionItems) = preProject
		Santral\Class\girisKontrol.cs = Santral\Class\girisKontrol.cs
	EndProjectSection
EndProject
Global
	GlobalSection(SolutionConfigurationPlatforms) = preSolution
		Debug|Any CPU = Debug|Any CPU
		Release|Any CPU = Release|Any CPU
	EndGlobalSection
	GlobalSection(ProjectConfigurationPlatforms) = postSolution
		{F90B6B08-0938-4A3C-B034-FEA3E4CAB111}.Debug|Any CPU.ActiveCfg = Debug|Any CPU
		{F90B6B08-0938-4A3C-B034-FEA3E4CAB111}.Debug|Any CPU.Build.0 = Debug|Any CPU
		{F90B6B08-0938-4A3C-B034-FEA3E4CAB111}.Release|Any CPU.ActiveCfg = Release|Any CPU
		{F90B6B08-0938-4A3C-B034-FEA3E4CAB111}.Release|Any CPU.Build.0 = Release|Any CPU
	EndGlobalSection
	GlobalSection(SolutionProperties) = preSolution
		HideSolutionNode = FALSE
	EndGlobalSection
	GlobalSection(ExtensibilityGlobals) = postSolution
		SolutionGuid = {2D826D6D-D115-40EA-ADB9-43DF50B3521A}
	EndGlobalSection
EndGlobal
